// !$*UTF8*$!
{
	archiveVersion = 1;
	classes = {
	};
	objectVersion = 77;
	objects = {

/* Begin PBXBuildFile section */
		14694638226F39EA76BDB1BA /* DevicesWindow.swift in Sources */ = {isa = PBXBuildFile; fileRef = FBFAE1539794428E55548293 /* DevicesWindow.swift */; };
		1FDE35E49D8D9BED4A9BA0DF /* OWDevices in Frameworks */ = {isa = PBXBuildFile; productRef = 97E7E4F808C63E3696874A03 /* OWDevices */; };
		24B8E87A565AF3F88F031DF7 /* PersistenceItem.swift in Sources */ = {isa = PBXBuildFile; fileRef = 54D13331E7067095DC0AEE17 /* PersistenceItem.swift */; };
		28214F1134BCA66E9F356017 /* PersistenceViewModel.swift in Sources */ = {isa = PBXBuildFile; fileRef = E760B0CBDF97D4038125F9E1 /* PersistenceViewModel.swift */; };
		28F76C71030A320D8687D4BA /* OWBinary in Frameworks */ = {isa = PBXBuildFile; productRef = E31B549812719EBEA5DDF202 /* OWBinary */; };
		2A3BCF1308BDB51C79776AD6 /* OWLog in Frameworks */ = {isa = PBXBuildFile; productRef = D46A48954D1E9FA3595270DF /* OWLog */; };
		30086B3023C630861C97A4FF /* OWProcess in Frameworks */ = {isa = PBXBuildFile; productRef = 54DECE2B6767ACF115F976B3 /* OWProcess */; };
		35B66968C3FAB0F2CAEB1EB6 /* PersistenceItemDetail.swift in Sources */ = {isa = PBXBuildFile; fileRef = 44039B583CCA48E977787553 /* PersistenceItemDetail.swift */; };
		3D441249D8F77F5AF317954C /* DevicesViewModel.swift in Sources */ = {isa = PBXBuildFile; fileRef = 5D127C31DA4EAA2B4917A6F3 /* DevicesViewModel.swift */; };
		54413CA5546526C8EE245540 /* NetworkViewModel.swift in Sources */ = {isa = PBXBuildFile; fileRef = 23046FF903F8FF662AC40E27 /* NetworkViewModel.swift */; };
		59CDB60D14F061605963AF2E /* OWNetwork in Frameworks */ = {isa = PBXBuildFile; productRef = 9AB02C19DDEC9E21BC9A5868 /* OWNetwork */; };
		6148BF22CAA7095295B1568C /* PersistenceItemList.swift in Sources */ = {isa = PBXBuildFile; fileRef = 65E5540D063BAC38169407A4 /* PersistenceItemList.swift */; };
		69DB910D0201D6AF08099447 /* PersistenceWindow.swift in Sources */ = {isa = PBXBuildFile; fileRef = C8B3F7198CBC17EF7D1CB927 /* PersistenceWindow.swift */; };
		6B3DC5081B1BABFDCBB5987D /* NetworkWindow.swift in Sources */ = {isa = PBXBuildFile; fileRef = 38431CD03A856A6CC12B6092 /* NetworkWindow.swift */; };
		752CDD43B83C02F05AAB4AD8 /* ProcessesViewModel.swift in Sources */ = {isa = PBXBuildFile; fileRef = B60FD47D6152FB295E78CF8E /* ProcessesViewModel.swift */; };
		88DA62341C83EA8F586DD97D /* OWCore in Frameworks */ = {isa = PBXBuildFile; productRef = 214AE25A461CC3BEF29D2677 /* OWCore */; };
		8CEF095D32B246522938118C /* OWPersistence in Frameworks */ = {isa = PBXBuildFile; productRef = 372EF516759FEB18843357AD /* OWPersistence */; };
		ABA81CF230328513F16720C6 /* OWCodeSigning in Frameworks */ = {isa = PBXBuildFile; productRef = 897C389B7082CAF5B986B27F /* OWCodeSigning */; };
		EB814B23CB4A60E032E8ECA5 /* DashboardViewModel.swift in Sources */ = {isa = PBXBuildFile; fileRef = BCBA36F8CD7997ECFA944B3B /* DashboardViewModel.swift */; };
		EC5F04BBBCE76B47784FE024 /* ProcessesWindow.swift in Sources */ = {isa = PBXBuildFile; fileRef = 0C42A75643E000DAB3165252 /* ProcessesWindow.swift */; };
		ECFB43109C56677BCCFDED37 /* DashboardWindow.swift in Sources */ = {isa = PBXBuildFile; fileRef = 7A5330345428645E330DF3E3 /* DashboardWindow.swift */; };
		EE2AAB13EDDAC1431103125B /* OwlwatchApp.swift in Sources */ = {isa = PBXBuildFile; fileRef = 1EB594B8241926AF224E7A18 /* OwlwatchApp.swift */; };
		FED04D77BA9E01AA84A37CC8 /* PersistenceSidebar.swift in Sources */ = {isa = PBXBuildFile; fileRef = DF3253B96EE22E3904329236 /* PersistenceSidebar.swift */; };
/* End PBXBuildFile section */

/* Begin PBXFileReference section */
		0C42A75643E000DAB3165252 /* ProcessesWindow.swift */ = {isa = PBXFileReference; lastKnownFileType = sourcecode.swift; path = ProcessesWindow.swift; sourceTree = "<group>"; };
		1EB594B8241926AF224E7A18 /* OwlwatchApp.swift */ = {isa = PBXFileReference; lastKnownFileType = sourcecode.swift; path = OwlwatchApp.swift; sourceTree = "<group>"; };
		23046FF903F8FF662AC40E27 /* NetworkViewModel.swift */ = {isa = PBXFileReference; lastKnownFileType = sourcecode.swift; path = NetworkViewModel.swift; sourceTree = "<group>"; };
		26AAF1F70F3C064DFC041B38 /* Owlwatch.app */ = {isa = PBXFileReference; explicitFileType = wrapper.application; includeInIndex = 0; path = Owlwatch.app; sourceTree = BUILT_PRODUCTS_DIR; };
		38431CD03A856A6CC12B6092 /* NetworkWindow.swift */ = {isa = PBXFileReference; lastKnownFileType = sourcecode.swift; path = NetworkWindow.swift; sourceTree = "<group>"; };
		44039B583CCA48E977787553 /* PersistenceItemDetail.swift */ = {isa = PBXFileReference; lastKnownFileType = sourcecode.swift; path = PersistenceItemDetail.swift; sourceTree = "<group>"; };
		4CC044269BD860867DB61139 /* Info.plist */ = {isa = PBXFileReference; lastKnownFileType = text.plist; path = Info.plist; sourceTree = "<group>"; };
		4DD68FADEAF355A53A580A23 /* packages */ = {isa = PBXFileReference; lastKnownFileType = folder; name = packages; path = ../../packages; sourceTree = SOURCE_ROOT; };
		54D13331E7067095DC0AEE17 /* PersistenceItem.swift */ = {isa = PBXFileReference; lastKnownFileType = sourcecode.swift; path = PersistenceItem.swift; sourceTree = "<group>"; };
		5D127C31DA4EAA2B4917A6F3 /* DevicesViewModel.swift */ = {isa = PBXFileReference; lastKnownFileType = sourcecode.swift; path = DevicesViewModel.swift; sourceTree = "<group>"; };
		65E5540D063BAC38169407A4 /* PersistenceItemList.swift */ = {isa = PBXFileReference; lastKnownFileType = sourcecode.swift; path = PersistenceItemList.swift; sourceTree = "<group>"; };
		7A5330345428645E330DF3E3 /* DashboardWindow.swift */ = {isa = PBXFileReference; lastKnownFileType = sourcecode.swift; path = DashboardWindow.swift; sourceTree = "<group>"; };
		7E438A3EE40CC96C0081E55E /* Owlwatch.entitlements */ = {isa = PBXFileReference; lastKnownFileType = text.plist.entitlements; path = Owlwatch.entitlements; sourceTree = "<group>"; };
		B60FD47D6152FB295E78CF8E /* ProcessesViewModel.swift */ = {isa = PBXFileReference; lastKnownFileType = sourcecode.swift; path = ProcessesViewModel.swift; sourceTree = "<group>"; };
		BCBA36F8CD7997ECFA944B3B /* DashboardViewModel.swift */ = {isa = PBXFileReference; lastKnownFileType = sourcecode.swift; path = DashboardViewModel.swift; sourceTree = "<group>"; };
		C8B3F7198CBC17EF7D1CB927 /* PersistenceWindow.swift */ = {isa = PBXFileReference; lastKnownFileType = sourcecode.swift; path = PersistenceWindow.swift; sourceTree = "<group>"; };
		DF3253B96EE22E3904329236 /* PersistenceSidebar.swift */ = {isa = PBXFileReference; lastKnownFileType = sourcecode.swift; path = PersistenceSidebar.swift; sourceTree = "<group>"; };
		E760B0CBDF97D4038125F9E1 /* PersistenceViewModel.swift */ = {isa = PBXFileReference; lastKnownFileType = sourcecode.swift; path = PersistenceViewModel.swift; sourceTree = "<group>"; };
		FBFAE1539794428E55548293 /* DevicesWindow.swift */ = {isa = PBXFileReference; lastKnownFileType = sourcecode.swift; path = DevicesWindow.swift; sourceTree = "<group>"; };
/* End PBXFileReference section */

/* Begin PBXFrameworksBuildPhase section */
		8ADA61EB42FE1F631A4DCD8B /* Frameworks */ = {
			isa = PBXFrameworksBuildPhase;
			buildActionMask = 2147483647;
			files = (
				88DA62341C83EA8F586DD97D /* OWCore in Frameworks */,
				8CEF095D32B246522938118C /* OWPersistence in Frameworks */,
				1FDE35E49D8D9BED4A9BA0DF /* OWDevices in Frameworks */,
				30086B3023C630861C97A4FF /* OWProcess in Frameworks */,
				59CDB60D14F061605963AF2E /* OWNetwork in Frameworks */,
				2A3BCF1308BDB51C79776AD6 /* OWLog in Frameworks */,
				28F76C71030A320D8687D4BA /* OWBinary in Frameworks */,
				ABA81CF230328513F16720C6 /* OWCodeSigning in Frameworks */,
			);
			runOnlyForDeploymentPostprocessing = 0;
		};
/* End PBXFrameworksBuildPhase section */

/* Begin PBXGroup section */
		17EBDAF5A719F88F93219D51 /* Products */ = {
			isa = PBXGroup;
			children = (
				26AAF1F70F3C064DFC041B38 /* Owlwatch.app */,
			);
			name = Products;
			sourceTree = "<group>";
		};
		1B2F88CA86337676E681E7B1 /* Sources */ = {
			isa = PBXGroup;
			children = (
				BCBA36F8CD7997ECFA944B3B /* DashboardViewModel.swift */,
				7A5330345428645E330DF3E3 /* DashboardWindow.swift */,
				5D127C31DA4EAA2B4917A6F3 /* DevicesViewModel.swift */,
				FBFAE1539794428E55548293 /* DevicesWindow.swift */,
				4CC044269BD860867DB61139 /* Info.plist */,
				23046FF903F8FF662AC40E27 /* NetworkViewModel.swift */,
				38431CD03A856A6CC12B6092 /* NetworkWindow.swift */,
				7E438A3EE40CC96C0081E55E /* Owlwatch.entitlements */,
				1EB594B8241926AF224E7A18 /* OwlwatchApp.swift */,
				54D13331E7067095DC0AEE17 /* PersistenceItem.swift */,
				44039B583CCA48E977787553 /* PersistenceItemDetail.swift */,
				65E5540D063BAC38169407A4 /* PersistenceItemList.swift */,
				DF3253B96EE22E3904329236 /* PersistenceSidebar.swift */,
				E760B0CBDF97D4038125F9E1 /* PersistenceViewModel.swift */,
				C8B3F7198CBC17EF7D1CB927 /* PersistenceWindow.swift */,
				B60FD47D6152FB295E78CF8E /* ProcessesViewModel.swift */,
				0C42A75643E000DAB3165252 /* ProcessesWindow.swift */,
			);
			path = Sources;
			sourceTree = "<group>";
		};
		526B86CCBAE9221A21B38A87 = {
			isa = PBXGroup;
			children = (
				D694E5AFAD28BF4D3E4E1ABC /* Packages */,
				1B2F88CA86337676E681E7B1 /* Sources */,
				17EBDAF5A719F88F93219D51 /* Products */,
			);
			sourceTree = "<group>";
		};
		D694E5AFAD28BF4D3E4E1ABC /* Packages */ = {
			isa = PBXGroup;
			children = (
				4DD68FADEAF355A53A580A23 /* packages */,
			);
			name = Packages;
			sourceTree = "<group>";
		};
/* End PBXGroup section */

/* Begin PBXNativeTarget section */
		B5E674BB5A2B0FB93B5E938F /* Owlwatch */ = {
			isa = PBXNativeTarget;
			buildConfigurationList = C4232CC5995544A844C46594 /* Build configuration list for PBXNativeTarget "Owlwatch" */;
			buildPhases = (
				0C138057337B69A5D7FEB29F /* Sources */,
				8ADA61EB42FE1F631A4DCD8B /* Frameworks */,
			);
			buildRules = (
			);
			dependencies = (
			);
			name = Owlwatch;
			packageProductDependencies = (
				214AE25A461CC3BEF29D2677 /* OWCore */,
				372EF516759FEB18843357AD /* OWPersistence */,
				97E7E4F808C63E3696874A03 /* OWDevices */,
				54DECE2B6767ACF115F976B3 /* OWProcess */,
				9AB02C19DDEC9E21BC9A5868 /* OWNetwork */,
				D46A48954D1E9FA3595270DF /* OWLog */,
				E31B549812719EBEA5DDF202 /* OWBinary */,
				897C389B7082CAF5B986B27F /* OWCodeSigning */,
			);
			productName = Owlwatch;
			productReference = 26AAF1F70F3C064DFC041B38 /* Owlwatch.app */;
			productType = "com.apple.product-type.application";
		};
/* End PBXNativeTarget section */

/* Begin PBXProject section */
		B1C058CBF3D24CB1065214C0 /* Project object */ = {
			isa = PBXProject;
			attributes = {
				BuildIndependentTargetsInParallel = YES;
				LastUpgradeCheck = 1430;
				TargetAttributes = {
					B5E674BB5A2B0FB93B5E938F = {
						DevelopmentTeam = "";
						ProvisioningStyle = Manual;
					};
				};
			};
			buildConfigurationList = A201EBFC8B4729CC5F406AE5 /* Build configuration list for PBXProject "Owlwatch" */;
			developmentRegion = en;
			hasScannedForEncodings = 0;
			knownRegions = (
				Base,
				en,
			);
			mainGroup = 526B86CCBAE9221A21B38A87;
			minimizedProjectReferenceProxies = 1;
			packageReferences = (
				F87DDA37BC1881EA51855A03 /* XCLocalSwiftPackageReference "../../packages" */,
			);
			preferredProjectObjectVersion = 77;
			productRefGroup = 17EBDAF5A719F88F93219D51 /* Products */;
			projectDirPath = "";
			projectRoot = "";
			targets = (
				B5E674BB5A2B0FB93B5E938F /* Owlwatch */,
			);
		};
/* End PBXProject section */

/* Begin PBXSourcesBuildPhase section */
		0C138057337B69A5D7FEB29F /* Sources */ = {
			isa = PBXSourcesBuildPhase;
			buildActionMask = 2147483647;
			files = (
				EB814B23CB4A60E032E8ECA5 /* DashboardViewModel.swift in Sources */,
				ECFB43109C56677BCCFDED37 /* DashboardWindow.swift in Sources */,
				3D441249D8F77F5AF317954C /* DevicesViewModel.swift in Sources */,
				14694638226F39EA76BDB1BA /* DevicesWindow.swift in Sources */,
				54413CA5546526C8EE245540 /* NetworkViewModel.swift in Sources */,
				6B3DC5081B1BABFDCBB5987D /* NetworkWindow.swift in Sources */,
				EE2AAB13EDDAC1431103125B /* OwlwatchApp.swift in Sources */,
				24B8E87A565AF3F88F031DF7 /* PersistenceItem.swift in Sources */,
				35B66968C3FAB0F2CAEB1EB6 /* PersistenceItemDetail.swift in Sources */,
				6148BF22CAA7095295B1568C /* PersistenceItemList.swift in Sources */,
				FED04D77BA9E01AA84A37CC8 /* PersistenceSidebar.swift in Sources */,
				28214F1134BCA66E9F356017 /* PersistenceViewModel.swift in Sources */,
				69DB910D0201D6AF08099447 /* PersistenceWindow.swift in Sources */,
				752CDD43B83C02F05AAB4AD8 /* ProcessesViewModel.swift in Sources */,
				EC5F04BBBCE76B47784FE024 /* ProcessesWindow.swift in Sources */,
			);
			runOnlyForDeploymentPostprocessing = 0;
		};
/* End PBXSourcesBuildPhase section */

/* Begin XCBuildConfiguration section */
		A20AA4FF933C944049A6716D /* Debug */ = {
			isa = XCBuildConfiguration;
			buildSettings = {
				ASSETCATALOG_COMPILER_APPICON_NAME = AppIcon;
				CODE_SIGN_ENTITLEMENTS = Sources/Owlwatch.entitlements;
				COMBINE_HIDPI_IMAGES = YES;
				GENERATE_INFOPLIST_FILE = NO;
				INFOPLIST_FILE = Sources/Info.plist;
				LD_RUNPATH_SEARCH_PATHS = (
					"$(inherited)",
					"@executable_path/../Frameworks",
				);
				PRODUCT_BUNDLE_IDENTIFIER = com.owlwatchlabs.owlwatch;
				PRODUCT_NAME = Owlwatch;
				SDKROOT = macosx;
			};
			name = Debug;
		};
		AD172D72CEACC32E52EB00F8 /* Debug */ = {
			isa = XCBuildConfiguration;
			buildSettings = {
				ALWAYS_SEARCH_USER_PATHS = NO;
				CLANG_ANALYZER_NONNULL = YES;
				CLANG_ANALYZER_NUMBER_OBJECT_CONVERSION = YES_AGGRESSIVE;
				CLANG_CXX_LANGUAGE_STANDARD = "gnu++14";
				CLANG_CXX_LIBRARY = "libc++";
				CLANG_ENABLE_MODULES = YES;
				CLANG_ENABLE_OBJC_ARC = YES;
				CLANG_ENABLE_OBJC_WEAK = YES;
				CLANG_WARN_BLOCK_CAPTURE_AUTORELEASING = YES;
				CLANG_WARN_BOOL_CONVERSION = YES;
				CLANG_WARN_COMMA = YES;
				CLANG_WARN_CONSTANT_CONVERSION = YES;
				CLANG_WARN_DEPRECATED_OBJC_IMPLEMENTATIONS = YES;
				CLANG_WARN_DIRECT_OBJC_ISA_USAGE = YES_ERROR;
				CLANG_WARN_DOCUMENTATION_COMMENTS = YES;
				CLANG_WARN_EMPTY_BODY = YES;
				CLANG_WARN_ENUM_CONVERSION = YES;
				CLANG_WARN_INFINITE_RECURSION = YES;
				CLANG_WARN_INT_CONVERSION = YES;
				CLANG_WARN_NON_LITERAL_NULL_CONVERSION = YES;
				CLANG_WARN_OBJC_IMPLICIT_RETAIN_SELF = YES;
				CLANG_WARN_OBJC_LITERAL_CONVERSION = YES;
				CLANG_WARN_OBJC_ROOT_CLASS = YES_ERROR;
				CLANG_WARN_QUOTED_INCLUDE_IN_FRAMEWORK_HEADER = YES;
				CLANG_WARN_RANGE_LOOP_ANALYSIS = YES;
				CLANG_WARN_STRICT_PROTOTYPES = YES;
				CLANG_WARN_SUSPICIOUS_MOVE = YES;
				CLANG_WARN_UNGUARDED_AVAILABILITY = YES_AGGRESSIVE;
				CLANG_WARN_UNREACHABLE_CODE = YES;
				CLANG_WARN__DUPLICATE_METHOD_MATCH = YES;
				CODE_SIGN_IDENTITY = "-";
				CODE_SIGN_STYLE = Manual;
				COPY_PHASE_STRIP = NO;
				CURRENT_PROJECT_VERSION = 1;
				DEBUG_INFORMATION_FORMAT = dwarf;
				DEVELOPMENT_TEAM = "";
				ENABLE_HARDENED_RUNTIME = YES;
				ENABLE_STRICT_OBJC_MSGSEND = YES;
				ENABLE_TESTABILITY = YES;
				GCC_C_LANGUAGE_STANDARD = gnu11;
				GCC_DYNAMIC_NO_PIC = NO;
				GCC_NO_COMMON_BLOCKS = YES;
				GCC_OPTIMIZATION_LEVEL = 0;
				GCC_PREPROCESSOR_DEFINITIONS = (
					"$(inherited)",
					"DEBUG=1",
				);
				GCC_WARN_64_TO_32_BIT_CONVERSION = YES;
				GCC_WARN_ABOUT_RETURN_TYPE = YES_ERROR;
				GCC_WARN_UNDECLARED_SELECTOR = YES;
				GCC_WARN_UNINITIALIZED_AUTOS = YES_AGGRESSIVE;
				GCC_WARN_UNUSED_FUNCTION = YES;
				GCC_WARN_UNUSED_VARIABLE = YES;
				MACOSX_DEPLOYMENT_TARGET = 14.0;
				MARKETING_VERSION = 0.1.0;
				MTL_ENABLE_DEBUG_INFO = INCLUDE_SOURCE;
				MTL_FAST_MATH = YES;
				ONLY_ACTIVE_ARCH = YES;
				PRODUCT_NAME = "$(TARGET_NAME)";
				SDKROOT = macosx;
				SWIFT_ACTIVE_COMPILATION_CONDITIONS = DEBUG;
				SWIFT_OPTIMIZATION_LEVEL = "-Onone";
				SWIFT_STRICT_CONCURRENCY = complete;
				SWIFT_VERSION = 6.0;
			};
			name = Debug;
		};
		CE770FED48CBED9940CC77F9 /* Release */ = {
			isa = XCBuildConfiguration;
			buildSettings = {
				ASSETCATALOG_COMPILER_APPICON_NAME = AppIcon;
				CODE_SIGN_ENTITLEMENTS = Sources/Owlwatch.entitlements;
				COMBINE_HIDPI_IMAGES = YES;
				GENERATE_INFOPLIST_FILE = NO;
				INFOPLIST_FILE = Sources/Info.plist;
				LD_RUNPATH_SEARCH_PATHS = (
					"$(inherited)",
					"@executable_path/../Frameworks",
				);
				PRODUCT_BUNDLE_IDENTIFIER = com.owlwatchlabs.owlwatch;
				PRODUCT_NAME = Owlwatch;
				SDKROOT = macosx;
			};
			name = Release;
		};
		E599C7AFEEC90047A8773492 /* Release */ = {
			isa = XCBuildConfiguration;
			buildSettings = {
				ALWAYS_SEARCH_USER_PATHS = NO;
				CLANG_ANALYZER_NONNULL = YES;
				CLANG_ANALYZER_NUMBER_OBJECT_CONVERSION = YES_AGGRESSIVE;
				CLANG_CXX_LANGUAGE_STANDARD = "gnu++14";
				CLANG_CXX_LIBRARY = "libc++";
				CLANG_ENABLE_MODULES = YES;
				CLANG_ENABLE_OBJC_ARC = YES;
				CLANG_ENABLE_OBJC_WEAK = YES;
				CLANG_WARN_BLOCK_CAPTURE_AUTORELEASING = YES;
				CLANG_WARN_BOOL_CONVERSION = YES;
				CLANG_WARN_COMMA = YES;
				CLANG_WARN_CONSTANT_CONVERSION = YES;
				CLANG_WARN_DEPRECATED_OBJC_IMPLEMENTATIONS = YES;
				CLANG_WARN_DIRECT_OBJC_ISA_USAGE = YES_ERROR;
				CLANG_WARN_DOCUMENTATION_COMMENTS = YES;
				CLANG_WARN_EMPTY_BODY = YES;
				CLANG_WARN_ENUM_CONVERSION = YES;
				CLANG_WARN_INFINITE_RECURSION = YES;
				CLANG_WARN_INT_CONVERSION = YES;
				CLANG_WARN_NON_LITERAL_NULL_CONVERSION = YES;
				CLANG_WARN_OBJC_IMPLICIT_RETAIN_SELF = YES;
				CLANG_WARN_OBJC_LITERAL_CONVERSION = YES;
				CLANG_WARN_OBJC_ROOT_CLASS = YES_ERROR;
				CLANG_WARN_QUOTED_INCLUDE_IN_FRAMEWORK_HEADER = YES;
				CLANG_WARN_RANGE_LOOP_ANALYSIS = YES;
				CLANG_WARN_STRICT_PROTOTYPES = YES;
				CLANG_WARN_SUSPICIOUS_MOVE = YES;
				CLANG_WARN_UNGUARDED_AVAILABILITY = YES_AGGRESSIVE;
				CLANG_WARN_UNREACHABLE_CODE = YES;
				CLANG_WARN__DUPLICATE_METHOD_MATCH = YES;
				CODE_SIGN_IDENTITY = "-";
				CODE_SIGN_STYLE = Manual;
				COPY_PHASE_STRIP = NO;
				CURRENT_PROJECT_VERSION = 1;
				DEBUG_INFORMATION_FORMAT = "dwarf-with-dsym";
				DEVELOPMENT_TEAM = "";
				ENABLE_HARDENED_RUNTIME = YES;
				ENABLE_NS_ASSERTIONS = NO;
				ENABLE_STRICT_OBJC_MSGSEND = YES;
				GCC_C_LANGUAGE_STANDARD = gnu11;
				GCC_NO_COMMON_BLOCKS = YES;
				GCC_WARN_64_TO_32_BIT_CONVERSION = YES;
				GCC_WARN_ABOUT_RETURN_TYPE = YES_ERROR;
				GCC_WARN_UNDECLARED_SELECTOR = YES;
				GCC_WARN_UNINITIALIZED_AUTOS = YES_AGGRESSIVE;
				GCC_WARN_UNUSED_FUNCTION = YES;
				GCC_WARN_UNUSED_VARIABLE = YES;
				MACOSX_DEPLOYMENT_TARGET = 14.0;
				MARKETING_VERSION = 0.1.0;
				MTL_ENABLE_DEBUG_INFO = NO;
				MTL_FAST_MATH = YES;
				PRODUCT_NAME = "$(TARGET_NAME)";
				SDKROOT = macosx;
				SWIFT_COMPILATION_MODE = wholemodule;
				SWIFT_OPTIMIZATION_LEVEL = "-O";
				SWIFT_STRICT_CONCURRENCY = complete;
				SWIFT_VERSION = 6.0;
			};
			name = Release;
		};
/* End XCBuildConfiguration section */

/* Begin XCConfigurationList section */
		A201EBFC8B4729CC5F406AE5 /* Build configuration list for PBXProject "Owlwatch" */ = {
			isa = XCConfigurationList;
			buildConfigurations = (
				AD172D72CEACC32E52EB00F8 /* Debug */,
				E599C7AFEEC90047A8773492 /* Release */,
			);
			defaultConfigurationIsVisible = 0;
			defaultConfigurationName = Debug;
		};
		C4232CC5995544A844C46594 /* Build configuration list for PBXNativeTarget "Owlwatch" */ = {
			isa = XCConfigurationList;
			buildConfigurations = (
				A20AA4FF933C944049A6716D /* Debug */,
				CE770FED48CBED9940CC77F9 /* Release */,
			);
			defaultConfigurationIsVisible = 0;
			defaultConfigurationName = Debug;
		};
/* End XCConfigurationList section */

/* Begin XCLocalSwiftPackageReference section */
		F87DDA37BC1881EA51855A03 /* XCLocalSwiftPackageReference "../../packages" */ = {
			isa = XCLocalSwiftPackageReference;
			relativePath = ../../packages;
		};
/* End XCLocalSwiftPackageReference section */

/* Begin XCSwiftPackageProductDependency section */
		214AE25A461CC3BEF29D2677 /* OWCore */ = {
			isa = XCSwiftPackageProductDependency;
			productName = OWCore;
		};
		372EF516759FEB18843357AD /* OWPersistence */ = {
			isa = XCSwiftPackageProductDependency;
			productName = OWPersistence;
		};
		54DECE2B6767ACF115F976B3 /* OWProcess */ = {
			isa = XCSwiftPackageProductDependency;
			productName = OWProcess;
		};
		897C389B7082CAF5B986B27F /* OWCodeSigning */ = {
			isa = XCSwiftPackageProductDependency;
			productName = OWCodeSigning;
		};
		97E7E4F808C63E3696874A03 /* OWDevices */ = {
			isa = XCSwiftPackageProductDependency;
			productName = OWDevices;
		};
		9AB02C19DDEC9E21BC9A5868 /* OWNetwork */ = {
			isa = XCSwiftPackageProductDependency;
			productName = OWNetwork;
		};
		D46A48954D1E9FA3595270DF /* OWLog */ = {
			isa = XCSwiftPackageProductDependency;
			productName = OWLog;
		};
		E31B549812719EBEA5DDF202 /* OWBinary */ = {
			isa = XCSwiftPackageProductDependency;
			productName = OWBinary;
		};
/* End XCSwiftPackageProductDependency section */
	};
	rootObject = B1C058CBF3D24CB1065214C0 /* Project object */;
}
